version = 1
revision = 3
requires-python = ">=3.12"

[[package]]
name = "modbus"
version = "0.1.0"
source = { virtual = "." }
dependencies = [
    { name = "pymodbus" },
]

[package.metadata]
requires-dist = [{ name = "pymodbus", specifier = "==3.9.2" }]

[[package]]
name = "pymodbus"
version = "3.9.2"
source = { registry = "https://pypi.org/simple" }
sdist = { url = "https://files.pythonhosted.org/packages/9e/9f/434efbc3edd1445efca2c17d24877010746d65783ddbb937de753de6bec7/pymodbus-3.9.2.tar.gz", hash = "sha256:2d08ab7bf6d1abc55a87f4faa3a7b04f74d7310b8c9771c3d66ee5fccf2e25ac", size = 163040, upload-time = "2025-04-18T15:24:36.377Z" }
wheels = [
    { url = "https://files.pythonhosted.org/packages/4c/7e/ae151f2750fb604247088774634fea321a178fb898cf8e961879825f9e41/pymodbus-3.9.2-py3-none-any.whl", hash = "sha256:292dcf859d6f232c30abc9753c1f0b7804771fd9c749641b32831de01b360b30", size = 165153, upload-time = "2025-04-18T15:24:34.428Z" },
]
